
Microsoft Visual Studio Solution File, Format Version 11.00
# Visual Studio 2010
Project("{FAE04EC0-301F-11D3-BF4B-00C04F79EFBC}") = "LeisureStar", "LeisureStar\LeisureStar.csproj", "{FAF5AB55-1BF6-4DC6-B4BA-541E0BA952A6}"
EndProject
Project("{FAE04EC0-301F-11D3-BF4B-00C04F79EFBC}") = "LeisureStar.Tests", "LeisureStar.Tests\LeisureStar.Tests.csproj", "{BBB6C083-EEB2-4355-BCFB-3AA34AC1287E}"
EndProject
Project("{FAE04EC0-301F-11D3-BF4B-00C04F79EFBC}") = "Amnesia", "..\VC3.Public\Amnesia\Amnesia.csproj", "{1A246932-199E-4DEE-8C7B-D5FBC3FF52C9}"
EndProject
Project("{FAE04EC0-301F-11D3-BF4B-00C04F79EFBC}") = "VC3.AutomatedTesting", "..\VC3.Shared\Transitional\VC3.AutomatedTesting\VC3.AutomatedTesting.csproj", "{D5A5ACD6-F239-4FCA-A54B-861B6890A390}"
EndProject
Project("{FAE04EC0-301F-11D3-BF4B-00C04F79EFBC}") = "VC3", "..\VC3.Shared\Transitional\VC3\Source\VC3.csproj", "{E46486DB-7904-4C07-8B21-440E1BA8687D}"
EndProject
Project("{FAE04EC0-301F-11D3-BF4B-00C04F79EFBC}") = "ExoGraph", "..\VC3.Public\ExoGraph\ExoGraph\ExoGraph.csproj", "{F1D92AF4-9E97-4D29-8A24-B3C3011F2A42}"
EndProject
Project("{FAE04EC0-301F-11D3-BF4B-00C04F79EFBC}") = "ExoGraph.EntityFramework", "..\VC3.Public\ExoGraph\ExoGraph.EntityFramework\ExoGraph.EntityFramework.csproj", "{48D45BC6-1815-4F09-BD2F-FC5011B7DBC2}"
EndProject
Project("{FAE04EC0-301F-11D3-BF4B-00C04F79EFBC}") = "ExoRule", "..\VC3.Public\ExoRules\ExoRules\ExoRule.csproj", "{B67D2642-A41A-42B2-8454-78ABA257008F}"
EndProject
Project("{FAE04EC0-301F-11D3-BF4B-00C04F79EFBC}") = "ExoRule.DataAnnotations", "..\VC3.Public\ExoRules\ExoRule.DataAnnotations\ExoRule.DataAnnotations.csproj", "{790AF32B-245D-4CEE-B231-E7331C392324}"
EndProject
Project("{FAE04EC0-301F-11D3-BF4B-00C04F79EFBC}") = "ExoWeb", "..\VC3.Public\ExoWeb\ExoWeb\ExoWeb.csproj", "{4B14422C-751C-42AE-832A-B474A4AD0D95}"
EndProject
Project("{FAE04EC0-301F-11D3-BF4B-00C04F79EFBC}") = "ExoWeb.DataAnnotations", "..\VC3.Public\ExoWeb\ExoWeb.DataAnnotations\ExoWeb.DataAnnotations.csproj", "{662948BC-59DA-4771-949F-C5327BF35518}"
EndProject
Global
	GlobalSection(TeamFoundationVersionControl) = preSolution
		SccNumberOfProjects = 12
		SccEnterpriseProvider = {4CA58AB2-18FA-4F8D-95D4-32DDF27D184C}
		SccTeamFoundationServer = http://vc3-cae-tfs-01.vc3.com:8080/tfs/defaultcollection
		SccLocalPath0 = .
		SccProjectUniqueName1 = ..\\VC3.Public\\Amnesia\\Amnesia.csproj
		SccProjectName1 = ../Amnesia
		SccLocalPath1 = ..\\VC3.Public\\Amnesia
		SccProjectUniqueName2 = ..\\VC3.Shared\\Transitional\\VC3.AutomatedTesting\\VC3.AutomatedTesting.csproj
		SccProjectName2 = ../../VC3.Shared/Transitional/VC3.AutomatedTesting
		SccLocalPath2 = ..\\VC3.Shared\\Transitional\\VC3.AutomatedTesting
		SccProjectUniqueName3 = ..\\VC3.Shared\\Transitional\\VC3\\Source\\VC3.csproj
		SccProjectName3 = ../../VC3.Shared/Transitional/VC3/Source
		SccLocalPath3 = ..\\VC3.Shared\\Transitional\\VC3\\Source
		SccProjectUniqueName4 = LeisureStar.Tests\\LeisureStar.Tests.csproj
		SccProjectName4 = LeisureStar.Tests
		SccLocalPath4 = LeisureStar.Tests
		SccProjectUniqueName5 = LeisureStar\\LeisureStar.csproj
		SccProjectName5 = LeisureStar
		SccLocalPath5 = LeisureStar
		SccProjectUniqueName6 = ..\\VC3.Public\\ExoGraph\\ExoGraph\\ExoGraph.csproj
		SccProjectName6 = ../ExoGraph/ExoGraph
		SccLocalPath6 = ..\\VC3.Public\\ExoGraph\\ExoGraph
		SccProjectUniqueName7 = ..\\VC3.Public\\ExoGraph\\ExoGraph.EntityFramework\\ExoGraph.EntityFramework.csproj
		SccProjectName7 = ../ExoGraph/ExoGraph.EntityFramework
		SccLocalPath7 = ..\\VC3.Public\\ExoGraph\\ExoGraph.EntityFramework
		SccProjectUniqueName8 = ..\\VC3.Public\\ExoRules\\ExoRules\\ExoRule.csproj
		SccProjectName8 = ../ExoRules/ExoRules
		SccLocalPath8 = ..\\VC3.Public\\ExoRules\\ExoRules
		SccProjectUniqueName9 = ..\\VC3.Public\\ExoRules\\ExoRule.DataAnnotations\\ExoRule.DataAnnotations.csproj
		SccProjectName9 = ../ExoRules/ExoRule.DataAnnotations
		SccLocalPath9 = ..\\VC3.Public\\ExoRules\\ExoRule.DataAnnotations
		SccProjectUniqueName10 = ..\\VC3.Public\\ExoWeb\\ExoWeb\\ExoWeb.csproj
		SccProjectName10 = ../ExoWeb/ExoWeb
		SccLocalPath10 = ..\\VC3.Public\\ExoWeb\\ExoWeb
		SccProjectUniqueName11 = ..\\VC3.Public\\ExoWeb\\ExoWeb.DataAnnotations\\ExoWeb.DataAnnotations.csproj
		SccProjectName11 = ../ExoWeb/ExoWeb.DataAnnotations
		SccLocalPath11 = ..\\VC3.Public\\ExoWeb\\ExoWeb.DataAnnotations
	EndGlobalSection
	GlobalSection(SolutionConfigurationPlatforms) = preSolution
		Debug|Any CPU = Debug|Any CPU
		Release|Any CPU = Release|Any CPU
	EndGlobalSection
	GlobalSection(ProjectConfigurationPlatforms) = postSolution
		{FAF5AB55-1BF6-4DC6-B4BA-541E0BA952A6}.Debug|Any CPU.ActiveCfg = Debug|Any CPU
		{FAF5AB55-1BF6-4DC6-B4BA-541E0BA952A6}.Debug|Any CPU.Build.0 = Debug|Any CPU
		{FAF5AB55-1BF6-4DC6-B4BA-541E0BA952A6}.Release|Any CPU.ActiveCfg = Release|Any CPU
		{FAF5AB55-1BF6-4DC6-B4BA-541E0BA952A6}.Release|Any CPU.Build.0 = Release|Any CPU
		{BBB6C083-EEB2-4355-BCFB-3AA34AC1287E}.Debug|Any CPU.ActiveCfg = Debug|Any CPU
		{BBB6C083-EEB2-4355-BCFB-3AA34AC1287E}.Debug|Any CPU.Build.0 = Debug|Any CPU
		{BBB6C083-EEB2-4355-BCFB-3AA34AC1287E}.Release|Any CPU.ActiveCfg = Release|Any CPU
		{BBB6C083-EEB2-4355-BCFB-3AA34AC1287E}.Release|Any CPU.Build.0 = Release|Any CPU
		{1A246932-199E-4DEE-8C7B-D5FBC3FF52C9}.Debug|Any CPU.ActiveCfg = Debug|Any CPU
		{1A246932-199E-4DEE-8C7B-D5FBC3FF52C9}.Debug|Any CPU.Build.0 = Debug|Any CPU
		{1A246932-199E-4DEE-8C7B-D5FBC3FF52C9}.Release|Any CPU.ActiveCfg = Release|Any CPU
		{1A246932-199E-4DEE-8C7B-D5FBC3FF52C9}.Release|Any CPU.Build.0 = Release|Any CPU
		{D5A5ACD6-F239-4FCA-A54B-861B6890A390}.Debug|Any CPU.ActiveCfg = Debug|Any CPU
		{D5A5ACD6-F239-4FCA-A54B-861B6890A390}.Debug|Any CPU.Build.0 = Debug|Any CPU
		{D5A5ACD6-F239-4FCA-A54B-861B6890A390}.Release|Any CPU.ActiveCfg = Release|Any CPU
		{D5A5ACD6-F239-4FCA-A54B-861B6890A390}.Release|Any CPU.Build.0 = Release|Any CPU
		{E46486DB-7904-4C07-8B21-440E1BA8687D}.Debug|Any CPU.ActiveCfg = Debug|Any CPU
		{E46486DB-7904-4C07-8B21-440E1BA8687D}.Debug|Any CPU.Build.0 = Debug|Any CPU
		{E46486DB-7904-4C07-8B21-440E1BA8687D}.Release|Any CPU.ActiveCfg = Release|Any CPU
		{E46486DB-7904-4C07-8B21-440E1BA8687D}.Release|Any CPU.Build.0 = Release|Any CPU
		{F1D92AF4-9E97-4D29-8A24-B3C3011F2A42}.Debug|Any CPU.ActiveCfg = Debug|Any CPU
		{F1D92AF4-9E97-4D29-8A24-B3C3011F2A42}.Debug|Any CPU.Build.0 = Debug|Any CPU
		{F1D92AF4-9E97-4D29-8A24-B3C3011F2A42}.Release|Any CPU.ActiveCfg = Release|Any CPU
		{F1D92AF4-9E97-4D29-8A24-B3C3011F2A42}.Release|Any CPU.Build.0 = Release|Any CPU
		{48D45BC6-1815-4F09-BD2F-FC5011B7DBC2}.Debug|Any CPU.ActiveCfg = Debug|Any CPU
		{48D45BC6-1815-4F09-BD2F-FC5011B7DBC2}.Debug|Any CPU.Build.0 = Debug|Any CPU
		{48D45BC6-1815-4F09-BD2F-FC5011B7DBC2}.Release|Any CPU.ActiveCfg = Release|Any CPU
		{48D45BC6-1815-4F09-BD2F-FC5011B7DBC2}.Release|Any CPU.Build.0 = Release|Any CPU
		{B67D2642-A41A-42B2-8454-78ABA257008F}.Debug|Any CPU.ActiveCfg = Debug|Any CPU
		{B67D2642-A41A-42B2-8454-78ABA257008F}.Debug|Any CPU.Build.0 = Debug|Any CPU
		{B67D2642-A41A-42B2-8454-78ABA257008F}.Release|Any CPU.ActiveCfg = Release|Any CPU
		{B67D2642-A41A-42B2-8454-78ABA257008F}.Release|Any CPU.Build.0 = Release|Any CPU
		{790AF32B-245D-4CEE-B231-E7331C392324}.Debug|Any CPU.ActiveCfg = Debug|Any CPU
		{790AF32B-245D-4CEE-B231-E7331C392324}.Debug|Any CPU.Build.0 = Debug|Any CPU
		{790AF32B-245D-4CEE-B231-E7331C392324}.Release|Any CPU.ActiveCfg = Release|Any CPU
		{790AF32B-245D-4CEE-B231-E7331C392324}.Release|Any CPU.Build.0 = Release|Any CPU
		{4B14422C-751C-42AE-832A-B474A4AD0D95}.Debug|Any CPU.ActiveCfg = Debug|Any CPU
		{4B14422C-751C-42AE-832A-B474A4AD0D95}.Debug|Any CPU.Build.0 = Debug|Any CPU
		{4B14422C-751C-42AE-832A-B474A4AD0D95}.Release|Any CPU.ActiveCfg = Release|Any CPU
		{4B14422C-751C-42AE-832A-B474A4AD0D95}.Release|Any CPU.Build.0 = Release|Any CPU
		{662948BC-59DA-4771-949F-C5327BF35518}.Debug|Any CPU.ActiveCfg = Debug|Any CPU
		{662948BC-59DA-4771-949F-C5327BF35518}.Debug|Any CPU.Build.0 = Debug|Any CPU
		{662948BC-59DA-4771-949F-C5327BF35518}.Release|Any CPU.ActiveCfg = Release|Any CPU
		{662948BC-59DA-4771-949F-C5327BF35518}.Release|Any CPU.Build.0 = Release|Any CPU
	EndGlobalSection
	GlobalSection(SolutionProperties) = preSolution
		HideSolutionNode = FALSE
	EndGlobalSection
EndGlobal
