
Microsoft Visual Studio Solution File, Format Version 11.00
# Visual Studio 2010
Project("{FAE04EC0-301F-11D3-BF4B-00C04F79EFBC}") = "ExoModel.EntityFramework", "..\ExoGraph\ExoGraph.EntityFramework\ExoModel.EntityFramework.csproj", "{48D45BC6-1815-4F09-BD2F-FC5011B7DBC2}"
EndProject
Project("{FAE04EC0-301F-11D3-BF4B-00C04F79EFBC}") = "ExoRule", "..\ExoRule\ExoRule\ExoRule.csproj", "{B67D2642-A41A-42B2-8454-78ABA257008F}"
EndProject
Project("{FAE04EC0-301F-11D3-BF4B-00C04F79EFBC}") = "ExoRule.DataAnnotations", "..\ExoRule\ExoRule.DataAnnotations\ExoRule.DataAnnotations.csproj", "{790AF32B-245D-4CEE-B231-E7331C392324}"
EndProject
Project("{FAE04EC0-301F-11D3-BF4B-00C04F79EFBC}") = "ExoWeb", "..\ExoWeb\ExoWeb\ExoWeb.csproj", "{4B14422C-751C-42AE-832A-B474A4AD0D95}"
EndProject
Project("{FAE04EC0-301F-11D3-BF4B-00C04F79EFBC}") = "LeisureStar", "LeisureStar\LeisureStar.csproj", "{FAF5AB55-1BF6-4DC6-B4BA-541E0BA952A6}"
EndProject
Project("{FAE04EC0-301F-11D3-BF4B-00C04F79EFBC}") = "ExoModel", "..\ExoGraph\ExoGraph\ExoModel.csproj", "{F1D92AF4-9E97-4D29-8A24-B3C3011F2A42}"
EndProject
Global
	GlobalSection(TeamFoundationVersionControl) = preSolution
		SccNumberOfProjects = 7
		SccEnterpriseProvider = {4CA58AB2-18FA-4F8D-95D4-32DDF27D184C}
		SccTeamFoundationServer = http://vc3-cae-tfs-01.vc3.com:8080/tfs/defaultcollection
		SccLocalPath0 = .
		SccProjectUniqueName1 = ..\\ExoRule\\ExoRule\\ExoRule.csproj
		SccProjectName1 = ../ExoRule/ExoRule
		SccLocalPath1 = ..\\ExoRule\\ExoRule
		SccProjectUniqueName2 = ..\\ExoRule\\ExoRule.DataAnnotations\\ExoRule.DataAnnotations.csproj
		SccProjectName2 = ../ExoRule/ExoRule.DataAnnotations
		SccLocalPath2 = ..\\ExoRule\\ExoRule.DataAnnotations
		SccProjectUniqueName3 = ..\\ExoWeb\\ExoWeb\\ExoWeb.csproj
		SccProjectName3 = ../ExoWeb/ExoWeb
		SccLocalPath3 = ..\\ExoWeb\\ExoWeb
		SccProjectUniqueName4 = LeisureStar\\LeisureStar.csproj
		SccProjectName4 = LeisureStar
		SccLocalPath4 = LeisureStar
		SccProjectUniqueName5 = ..\\ExoGraph\\ExoGraph\\ExoModel.csproj
		SccProjectName5 = ../ExoGraph/ExoGraph
		SccLocalPath5 = ..\\ExoGraph\\ExoGraph
		SccProjectUniqueName6 = ..\\ExoGraph\\ExoGraph.EntityFramework\\ExoModel.EntityFramework.csproj
		SccProjectName6 = ../ExoGraph/ExoGraph.EntityFramework
		SccLocalPath6 = ..\\ExoGraph\\ExoGraph.EntityFramework
	EndGlobalSection
	GlobalSection(SolutionConfigurationPlatforms) = preSolution
		Debug|Any CPU = Debug|Any CPU
		Release|Any CPU = Release|Any CPU
	EndGlobalSection
	GlobalSection(ProjectConfigurationPlatforms) = postSolution
		{48D45BC6-1815-4F09-BD2F-FC5011B7DBC2}.Debug|Any CPU.ActiveCfg = Debug|Any CPU
		{48D45BC6-1815-4F09-BD2F-FC5011B7DBC2}.Debug|Any CPU.Build.0 = Debug|Any CPU
		{48D45BC6-1815-4F09-BD2F-FC5011B7DBC2}.Release|Any CPU.ActiveCfg = Release|Any CPU
		{48D45BC6-1815-4F09-BD2F-FC5011B7DBC2}.Release|Any CPU.Build.0 = Release|Any CPU
		{B67D2642-A41A-42B2-8454-78ABA257008F}.Debug|Any CPU.ActiveCfg = Debug|Any CPU
		{B67D2642-A41A-42B2-8454-78ABA257008F}.Debug|Any CPU.Build.0 = Debug|Any CPU
		{B67D2642-A41A-42B2-8454-78ABA257008F}.Release|Any CPU.ActiveCfg = Release|Any CPU
		{B67D2642-A41A-42B2-8454-78ABA257008F}.Release|Any CPU.Build.0 = Release|Any CPU
		{790AF32B-245D-4CEE-B231-E7331C392324}.Debug|Any CPU.ActiveCfg = Debug|Any CPU
		{790AF32B-245D-4CEE-B231-E7331C392324}.Debug|Any CPU.Build.0 = Debug|Any CPU
		{790AF32B-245D-4CEE-B231-E7331C392324}.Release|Any CPU.ActiveCfg = Release|Any CPU
		{790AF32B-245D-4CEE-B231-E7331C392324}.Release|Any CPU.Build.0 = Release|Any CPU
		{4B14422C-751C-42AE-832A-B474A4AD0D95}.Debug|Any CPU.ActiveCfg = Debug|Any CPU
		{4B14422C-751C-42AE-832A-B474A4AD0D95}.Debug|Any CPU.Build.0 = Debug|Any CPU
		{4B14422C-751C-42AE-832A-B474A4AD0D95}.Release|Any CPU.ActiveCfg = Release|Any CPU
		{4B14422C-751C-42AE-832A-B474A4AD0D95}.Release|Any CPU.Build.0 = Release|Any CPU
		{FAF5AB55-1BF6-4DC6-B4BA-541E0BA952A6}.Debug|Any CPU.ActiveCfg = Debug|Any CPU
		{FAF5AB55-1BF6-4DC6-B4BA-541E0BA952A6}.Debug|Any CPU.Build.0 = Debug|Any CPU
		{FAF5AB55-1BF6-4DC6-B4BA-541E0BA952A6}.Release|Any CPU.ActiveCfg = Release|Any CPU
		{FAF5AB55-1BF6-4DC6-B4BA-541E0BA952A6}.Release|Any CPU.Build.0 = Release|Any CPU
		{F1D92AF4-9E97-4D29-8A24-B3C3011F2A42}.Debug|Any CPU.ActiveCfg = Debug|Any CPU
		{F1D92AF4-9E97-4D29-8A24-B3C3011F2A42}.Debug|Any CPU.Build.0 = Debug|Any CPU
		{F1D92AF4-9E97-4D29-8A24-B3C3011F2A42}.Release|Any CPU.ActiveCfg = Release|Any CPU
		{F1D92AF4-9E97-4D29-8A24-B3C3011F2A42}.Release|Any CPU.Build.0 = Release|Any CPU
	EndGlobalSection
	GlobalSection(SolutionProperties) = preSolution
		HideSolutionNode = FALSE
	EndGlobalSection
EndGlobal
