
Microsoft Visual Studio Solution File, Format Version 11.00
# Visual Studio 2010
Project("{FAE04EC0-301F-11D3-BF4B-00C04F79EFBC}") = "LeisureStar", "LeisureStar\LeisureStar.csproj", "{FAF5AB55-1BF6-4DC6-B4BA-541E0BA952A6}"
EndProject
Project("{FAE04EC0-301F-11D3-BF4B-00C04F79EFBC}") = "LeisureStar.Tests", "LeisureStar.Tests\LeisureStar.Tests.csproj", "{BBB6C083-EEB2-4355-BCFB-3AA34AC1287E}"
EndProject
Project("{FAE04EC0-301F-11D3-BF4B-00C04F79EFBC}") = "Amnesia", "..\VC3.Public\Amnesia\Amnesia.csproj", "{1A246932-199E-4DEE-8C7B-D5FBC3FF52C9}"
EndProject
Project("{FAE04EC0-301F-11D3-BF4B-00C04F79EFBC}") = "VC3.AutomatedTesting", "..\VC3.Shared\Transitional\VC3.AutomatedTesting\VC3.AutomatedTesting.csproj", "{D5A5ACD6-F239-4FCA-A54B-861B6890A390}"
EndProject
Project("{FAE04EC0-301F-11D3-BF4B-00C04F79EFBC}") = "VC3", "..\VC3.Shared\Transitional\VC3\Source\VC3.csproj", "{E46486DB-7904-4C07-8B21-440E1BA8687D}"
EndProject
Global
	GlobalSection(TeamFoundationVersionControl) = preSolution
		SccNumberOfProjects = 6
		SccEnterpriseProvider = {4CA58AB2-18FA-4F8D-95D4-32DDF27D184C}
		SccTeamFoundationServer = http://vc3-cae-tfs-01.vc3.com:8080/tfs/defaultcollection
		SccProjectUniqueName0 = ..\\VC3.Public\\Amnesia\\Amnesia.csproj
		SccProjectName0 = ../Amnesia
		SccLocalPath0 = ..\\VC3.Public\\Amnesia
		SccProjectUniqueName1 = ..\\VC3.Shared\\Transitional\\VC3.AutomatedTesting\\VC3.AutomatedTesting.csproj
		SccProjectName1 = ../../VC3.Shared/Transitional/VC3.AutomatedTesting
		SccLocalPath1 = ..\\VC3.Shared\\Transitional\\VC3.AutomatedTesting
		SccProjectUniqueName2 = ..\\VC3.Shared\\Transitional\\VC3\\Source\\VC3.csproj
		SccProjectName2 = ../../VC3.Shared/Transitional/VC3/Source
		SccLocalPath2 = ..\\VC3.Shared\\Transitional\\VC3\\Source
		SccLocalPath3 = .
		SccProjectUniqueName4 = LeisureStar.Tests\\LeisureStar.Tests.csproj
		SccProjectName4 = LeisureStar.Tests
		SccLocalPath4 = LeisureStar.Tests
		SccProjectUniqueName5 = LeisureStar\\LeisureStar.csproj
		SccProjectName5 = LeisureStar
		SccLocalPath5 = LeisureStar
	EndGlobalSection
	GlobalSection(SolutionConfigurationPlatforms) = preSolution
		Debug|Any CPU = Debug|Any CPU
		Release|Any CPU = Release|Any CPU
	EndGlobalSection
	GlobalSection(ProjectConfigurationPlatforms) = postSolution
		{FAF5AB55-1BF6-4DC6-B4BA-541E0BA952A6}.Debug|Any CPU.ActiveCfg = Debug|Any CPU
		{FAF5AB55-1BF6-4DC6-B4BA-541E0BA952A6}.Debug|Any CPU.Build.0 = Debug|Any CPU
		{FAF5AB55-1BF6-4DC6-B4BA-541E0BA952A6}.Release|Any CPU.ActiveCfg = Release|Any CPU
		{FAF5AB55-1BF6-4DC6-B4BA-541E0BA952A6}.Release|Any CPU.Build.0 = Release|Any CPU
		{BBB6C083-EEB2-4355-BCFB-3AA34AC1287E}.Debug|Any CPU.ActiveCfg = Debug|Any CPU
		{BBB6C083-EEB2-4355-BCFB-3AA34AC1287E}.Debug|Any CPU.Build.0 = Debug|Any CPU
		{BBB6C083-EEB2-4355-BCFB-3AA34AC1287E}.Release|Any CPU.ActiveCfg = Release|Any CPU
		{BBB6C083-EEB2-4355-BCFB-3AA34AC1287E}.Release|Any CPU.Build.0 = Release|Any CPU
		{1A246932-199E-4DEE-8C7B-D5FBC3FF52C9}.Debug|Any CPU.ActiveCfg = Debug|Any CPU
		{1A246932-199E-4DEE-8C7B-D5FBC3FF52C9}.Debug|Any CPU.Build.0 = Debug|Any CPU
		{1A246932-199E-4DEE-8C7B-D5FBC3FF52C9}.Release|Any CPU.ActiveCfg = Release|Any CPU
		{1A246932-199E-4DEE-8C7B-D5FBC3FF52C9}.Release|Any CPU.Build.0 = Release|Any CPU
		{D5A5ACD6-F239-4FCA-A54B-861B6890A390}.Debug|Any CPU.ActiveCfg = Debug|Any CPU
		{D5A5ACD6-F239-4FCA-A54B-861B6890A390}.Debug|Any CPU.Build.0 = Debug|Any CPU
		{D5A5ACD6-F239-4FCA-A54B-861B6890A390}.Release|Any CPU.ActiveCfg = Release|Any CPU
		{D5A5ACD6-F239-4FCA-A54B-861B6890A390}.Release|Any CPU.Build.0 = Release|Any CPU
		{E46486DB-7904-4C07-8B21-440E1BA8687D}.Debug|Any CPU.ActiveCfg = Debug|Any CPU
		{E46486DB-7904-4C07-8B21-440E1BA8687D}.Debug|Any CPU.Build.0 = Debug|Any CPU
		{E46486DB-7904-4C07-8B21-440E1BA8687D}.Release|Any CPU.ActiveCfg = Release|Any CPU
		{E46486DB-7904-4C07-8B21-440E1BA8687D}.Release|Any CPU.Build.0 = Release|Any CPU
	EndGlobalSection
	GlobalSection(SolutionProperties) = preSolution
		HideSolutionNode = FALSE
	EndGlobalSection
EndGlobal
